
Microsoft Visual Studio Solution File, Format Version 12.00
# Visual Studio Version 17
VisualStudioVersion = 17.7.34221.43
MinimumVisualStudioVersion = 10.0.40219.1
Project("{9A19103F-16F7-4668-BE54-9A1E7A4F7556}") = "P02_FootballBetting", "P02_FootballBetting\P02_FootballBetting.csproj", "{C41B183E-6C88-47C2-8678-D8100DE8AAF5}"
EndProject
Project("{9A19103F-16F7-4668-BE54-9A1E7A4F7556}") = "P02_FootballBetting.Data", "P02_FootballBetting.Data\P02_FootballBetting.Data.csproj", "{DDDD9165-637E-488D-A0CF-4BC0C41BE8A5}"
EndProject
Project("{9A19103F-16F7-4668-BE54-9A1E7A4F7556}") = "P02_FootballBetting.Data.Models", "P02_FootballBetting.Data.Models\P02_FootballBetting.Data.Models.csproj", "{37426C5F-D76A-493A-BA96-B9719BEB2B5F}"
EndProject
Project("{9A19103F-16F7-4668-BE54-9A1E7A4F7556}") = "P02_FootballBetting.Data.Common", "P02_FootballBetting.Data.Common\P02_FootballBetting.Data.Common.csproj", "{9FF6FF82-10B5-4D69-BB1E-E07E273BDFEC}"
EndProject
Global
	GlobalSection(SolutionConfigurationPlatforms) = preSolution
		Debug|Any CPU = Debug|Any CPU
		Release|Any CPU = Release|Any CPU
	EndGlobalSection
	GlobalSection(ProjectConfigurationPlatforms) = postSolution
		{C41B183E-6C88-47C2-8678-D8100DE8AAF5}.Debug|Any CPU.ActiveCfg = Debug|Any CPU
		{C41B183E-6C88-47C2-8678-D8100DE8AAF5}.Debug|Any CPU.Build.0 = Debug|Any CPU
		{C41B183E-6C88-47C2-8678-D8100DE8AAF5}.Release|Any CPU.ActiveCfg = Release|Any CPU
		{C41B183E-6C88-47C2-8678-D8100DE8AAF5}.Release|Any CPU.Build.0 = Release|Any CPU
		{DDDD9165-637E-488D-A0CF-4BC0C41BE8A5}.Debug|Any CPU.ActiveCfg = Debug|Any CPU
		{DDDD9165-637E-488D-A0CF-4BC0C41BE8A5}.Debug|Any CPU.Build.0 = Debug|Any CPU
		{DDDD9165-637E-488D-A0CF-4BC0C41BE8A5}.Release|Any CPU.ActiveCfg = Release|Any CPU
		{DDDD9165-637E-488D-A0CF-4BC0C41BE8A5}.Release|Any CPU.Build.0 = Release|Any CPU
		{37426C5F-D76A-493A-BA96-B9719BEB2B5F}.Debug|Any CPU.ActiveCfg = Debug|Any CPU
		{37426C5F-D76A-493A-BA96-B9719BEB2B5F}.Debug|Any CPU.Build.0 = Debug|Any CPU
		{37426C5F-D76A-493A-BA96-B9719BEB2B5F}.Release|Any CPU.ActiveCfg = Release|Any CPU
		{37426C5F-D76A-493A-BA96-B9719BEB2B5F}.Release|Any CPU.Build.0 = Release|Any CPU
		{9FF6FF82-10B5-4D69-BB1E-E07E273BDFEC}.Debug|Any CPU.ActiveCfg = Debug|Any CPU
		{9FF6FF82-10B5-4D69-BB1E-E07E273BDFEC}.Debug|Any CPU.Build.0 = Debug|Any CPU
		{9FF6FF82-10B5-4D69-BB1E-E07E273BDFEC}.Release|Any CPU.ActiveCfg = Release|Any CPU
		{9FF6FF82-10B5-4D69-BB1E-E07E273BDFEC}.Release|Any CPU.Build.0 = Release|Any CPU
	EndGlobalSection
	GlobalSection(SolutionProperties) = preSolution
		HideSolutionNode = FALSE
	EndGlobalSection
	GlobalSection(ExtensibilityGlobals) = postSolution
		SolutionGuid = {0E737CDD-A4EC-42F6-A9F7-51B42FB07908}
	EndGlobalSection
EndGlobal
